// !$*UTF8*$!
{
	archiveVersion = 1;
	classes = {
	};
	objectVersion = 56;
	objects = {

/* Begin PBXBuildFile section */
		8E129DCE29775A0600D9C442 /* NavBarTextModifiers.swift in Sources */ = {isa = PBXBuildFile; fileRef = 8E129DCD29775A0600D9C442 /* NavBarTextModifiers.swift */; };
		8E129DDA29778F7B00D9C442 /* ButtonTappedModifier.swift in Sources */ = {isa = PBXBuildFile; fileRef = 8E129DD929778F7B00D9C442 /* ButtonTappedModifier.swift */; };
		8E15C3DE297A1FFD00BAF333 /* AppState.swift in Sources */ = {isa = PBXBuildFile; fileRef = 8E15C3DD297A1FFD00BAF333 /* AppState.swift */; };
		8E15C3E0297A245700BAF333 /* DependencyInjection.swift in Sources */ = {isa = PBXBuildFile; fileRef = 8E15C3DF297A245700BAF333 /* DependencyInjection.swift */; };
		8E15C3E2297A2CDD00BAF333 /* InteractorsContainer.swift in Sources */ = {isa = PBXBuildFile; fileRef = 8E15C3E1297A2CDD00BAF333 /* InteractorsContainer.swift */; };
		8E15C3E6297A2DFA00BAF333 /* AuthInteractor.swift in Sources */ = {isa = PBXBuildFile; fileRef = 8E15C3E5297A2DFA00BAF333 /* AuthInteractor.swift */; };
		8E15C3E9297A329F00BAF333 /* CancelBag.swift in Sources */ = {isa = PBXBuildFile; fileRef = 8E15C3E8297A329F00BAF333 /* CancelBag.swift */; };
		8E15C3EB297A3EA500BAF333 /* AppEnvironment.swift in Sources */ = {isa = PBXBuildFile; fileRef = 8E15C3EA297A3EA500BAF333 /* AppEnvironment.swift */; };
		8E1A98922975BF93007555A8 /* URL+QueryParams.swift in Sources */ = {isa = PBXBuildFile; fileRef = 8E1A98912975BF93007555A8 /* URL+QueryParams.swift */; };
		8E1E11A12978E3CA00CD62DF /* RegistrationInfo.swift in Sources */ = {isa = PBXBuildFile; fileRef = 8E1E11A02978E3CA00CD62DF /* RegistrationInfo.swift */; };
		8E1E11A52978E56C00CD62DF /* AuthRepository.swift in Sources */ = {isa = PBXBuildFile; fileRef = 8E1E11A42978E56C00CD62DF /* AuthRepository.swift */; };
		8E1E3EC72970635F00990D9D /* SplashScreen.swift in Sources */ = {isa = PBXBuildFile; fileRef = 8E1E3EC62970635F00990D9D /* SplashScreen.swift */; };
		8E1E3ED5297065FE00990D9D /* Poppins-Bold.ttf in Resources */ = {isa = PBXBuildFile; fileRef = 8E1E3ECC297065FD00990D9D /* Poppins-Bold.ttf */; };
		8E1E3ED6297065FE00990D9D /* Poppins-ExtraLight.ttf in Resources */ = {isa = PBXBuildFile; fileRef = 8E1E3ECD297065FD00990D9D /* Poppins-ExtraLight.ttf */; };
		8E1E3ED7297065FE00990D9D /* Poppins-Medium.ttf in Resources */ = {isa = PBXBuildFile; fileRef = 8E1E3ECE297065FD00990D9D /* Poppins-Medium.ttf */; };
		8E1E3ED8297065FE00990D9D /* Poppins-Thin.ttf in Resources */ = {isa = PBXBuildFile; fileRef = 8E1E3ECF297065FD00990D9D /* Poppins-Thin.ttf */; };
		8E1E3ED9297065FE00990D9D /* Poppins-Black.ttf in Resources */ = {isa = PBXBuildFile; fileRef = 8E1E3ED0297065FD00990D9D /* Poppins-Black.ttf */; };
		8E1E3EDA297065FE00990D9D /* Poppins-Regular.ttf in Resources */ = {isa = PBXBuildFile; fileRef = 8E1E3ED1297065FD00990D9D /* Poppins-Regular.ttf */; };
		8E1E3EDB297065FE00990D9D /* Poppins-SemiBold.ttf in Resources */ = {isa = PBXBuildFile; fileRef = 8E1E3ED2297065FE00990D9D /* Poppins-SemiBold.ttf */; };
		8E1E3EDC297065FE00990D9D /* Poppins-Light.ttf in Resources */ = {isa = PBXBuildFile; fileRef = 8E1E3ED3297065FE00990D9D /* Poppins-Light.ttf */; };
		8E1E3EDD297065FE00990D9D /* Poppins-ExtraBold.ttf in Resources */ = {isa = PBXBuildFile; fileRef = 8E1E3ED4297065FE00990D9D /* Poppins-ExtraBold.ttf */; };
		8E1E3EE12970697000990D9D /* Food-Example-Info.plist in Resources */ = {isa = PBXBuildFile; fileRef = 8E1E3EE02970697000990D9D /* Food-Example-Info.plist */; };
		8E1E3EE629706E0700990D9D /* AppCoordinator.swift in Sources */ = {isa = PBXBuildFile; fileRef = 8E1E3EE529706E0700990D9D /* AppCoordinator.swift */; };
		8E1E3EEA297072C600990D9D /* Fonts.swift in Sources */ = {isa = PBXBuildFile; fileRef = 8E1E3EE9297072C600990D9D /* Fonts.swift */; };
		8E1E3EEC297075F100990D9D /* DMSans-Bold.ttf in Resources */ = {isa = PBXBuildFile; fileRef = 8E1E3EEB297075F100990D9D /* DMSans-Bold.ttf */; };
		8E1E3EEE297077B400990D9D /* Theme.swift in Sources */ = {isa = PBXBuildFile; fileRef = 8E1E3EED297077B400990D9D /* Theme.swift */; };
		8E1E3EF329707C2C00990D9D /* OnboardingScreen.swift in Sources */ = {isa = PBXBuildFile; fileRef = 8E1E3EF229707C2C00990D9D /* OnboardingScreen.swift */; };
		8E1E3EF529707DC500990D9D /* Images.xcassets in Resources */ = {isa = PBXBuildFile; fileRef = 8E1E3EF429707DC500990D9D /* Images.xcassets */; };
		8E1E3EF72970823D00990D9D /* OnboardingPageView.swift in Sources */ = {isa = PBXBuildFile; fileRef = 8E1E3EF62970823D00990D9D /* OnboardingPageView.swift */; };
		8E1E3EF92970878700990D9D /* Colors.xcassets in Resources */ = {isa = PBXBuildFile; fileRef = 8E1E3EF82970878700990D9D /* Colors.xcassets */; };
		8E241F7229790233007E4025 /* SessionService.swift in Sources */ = {isa = PBXBuildFile; fileRef = 8E241F7129790233007E4025 /* SessionService.swift */; };
		8E241F7429790CCF007E4025 /* UserInfo.swift in Sources */ = {isa = PBXBuildFile; fileRef = 8E241F7329790CCF007E4025 /* UserInfo.swift */; };
		8E287835296EE1FB00AD8D25 /* Food_ExampleApp.swift in Sources */ = {isa = PBXBuildFile; fileRef = 8E287834296EE1FB00AD8D25 /* Food_ExampleApp.swift */; };
		8E287837296EE1FB00AD8D25 /* MainScreen.swift in Sources */ = {isa = PBXBuildFile; fileRef = 8E287836296EE1FB00AD8D25 /* MainScreen.swift */; };
		8E287839296EE1FD00AD8D25 /* Assets.xcassets in Resources */ = {isa = PBXBuildFile; fileRef = 8E287838296EE1FD00AD8D25 /* Assets.xcassets */; };
		8E330987297F27D7006B2145 /* RecipesInteractor.swift in Sources */ = {isa = PBXBuildFile; fileRef = 8E330986297F27D7006B2145 /* RecipesInteractor.swift */; };
		8E330989297F3972006B2145 /* RecipesWebRepository.swift in Sources */ = {isa = PBXBuildFile; fileRef = 8E330988297F3972006B2145 /* RecipesWebRepository.swift */; };
		8E39E152297B7C8C0042A551 /* ResetPasswordScreen.swift in Sources */ = {isa = PBXBuildFile; fileRef = 8E39E151297B7C8C0042A551 /* ResetPasswordScreen.swift */; };
		8E448F5F297BA6EC00F3C7D7 /* Send.json in Resources */ = {isa = PBXBuildFile; fileRef = 8E448F5E297BA6EC00F3C7D7 /* Send.json */; };
		8E448F62297BAA8800F3C7D7 /* Popup.swift in Sources */ = {isa = PBXBuildFile; fileRef = 8E448F61297BAA8800F3C7D7 /* Popup.swift */; };
		8E4E31802974CE5E00C05818 /* GoogleService-Info.plist in Resources */ = {isa = PBXBuildFile; fileRef = 8E4E317F2974CE5E00C05818 /* GoogleService-Info.plist */; };
		8E75642F297FB24800767FB8 /* RequestParameters.swift in Sources */ = {isa = PBXBuildFile; fileRef = 8E75642E297FB24800767FB8 /* RequestParameters.swift */; };
		8E88ECCC297B920A00ACF1C7 /* LottieView.swift in Sources */ = {isa = PBXBuildFile; fileRef = 8E88ECCB297B920A00ACF1C7 /* LottieView.swift */; };
		8E88ECDA297BA03700ACF1C7 /* Loader.json in Resources */ = {isa = PBXBuildFile; fileRef = 8E88ECD9297BA03700ACF1C7 /* Loader.json */; };
		8EB243232976E2BF00C1076C /* SignInScreen.swift in Sources */ = {isa = PBXBuildFile; fileRef = 8EB243222976E2BF00C1076C /* SignInScreen.swift */; };
		8EBB22A6297DF57F00A15692 /* AuthErrorLabel.swift in Sources */ = {isa = PBXBuildFile; fileRef = 8EBB22A5297DF57F00A15692 /* AuthErrorLabel.swift */; };
		8EBFCA4F2972C5890056C8BF /* HideKeyboard.swift in Sources */ = {isa = PBXBuildFile; fileRef = 8EBFCA4E2972C5890056C8BF /* HideKeyboard.swift */; };
		8EC926E7297466490012B0D5 /* RecipeGrid.swift in Sources */ = {isa = PBXBuildFile; fileRef = 8EC926E6297466490012B0D5 /* RecipeGrid.swift */; };
		8ECB36282971A5B30015646D /* OnboardingNavigationButton.swift in Sources */ = {isa = PBXBuildFile; fileRef = 8ECB36272971A5B30015646D /* OnboardingNavigationButton.swift */; };
		8ECB362C2971AA5F0015646D /* ShadowModifiers.swift in Sources */ = {isa = PBXBuildFile; fileRef = 8ECB362B2971AA5F0015646D /* ShadowModifiers.swift */; };
		8ECB362E2971C0890015646D /* CapsuleButton.swift in Sources */ = {isa = PBXBuildFile; fileRef = 8ECB362D2971C0890015646D /* CapsuleButton.swift */; };
		8ECB36312971CA1B0015646D /* BorderedTextField.swift in Sources */ = {isa = PBXBuildFile; fileRef = 8ECB36302971CA1B0015646D /* BorderedTextField.swift */; };
		8ECB36342971F7040015646D /* ReadSize.swift in Sources */ = {isa = PBXBuildFile; fileRef = 8ECB36332971F7040015646D /* ReadSize.swift */; };
		8ECB36362971FBFE0015646D /* NavigationBarView.swift in Sources */ = {isa = PBXBuildFile; fileRef = 8ECB36352971FBFE0015646D /* NavigationBarView.swift */; };
		8ECB36382971FED40015646D /* SignUpScreen.swift in Sources */ = {isa = PBXBuildFile; fileRef = 8ECB36372971FED40015646D /* SignUpScreen.swift */; };
		8ECB363A297207130015646D /* RoundedFilledButton.swift in Sources */ = {isa = PBXBuildFile; fileRef = 8ECB3639297207130015646D /* RoundedFilledButton.swift */; };
		8ECB363C29720C470015646D /* GoogleButton.swift in Sources */ = {isa = PBXBuildFile; fileRef = 8ECB363B29720C470015646D /* GoogleButton.swift */; };
		8EF6378E29736D2800AAD62E /* Recipe.swift in Sources */ = {isa = PBXBuildFile; fileRef = 8EF6378D29736D2800AAD62E /* Recipe.swift */; };
		DAC2CE7C0EA88D94EC95DE00 /* libPods-Food_Example.a in Frameworks */ = {isa = PBXBuildFile; fileRef = CB13102025C97D49767D5162 /* libPods-Food_Example.a */; };
/* End PBXBuildFile section */

/* Begin PBXFileReference section */
		8E129DCD29775A0600D9C442 /* NavBarTextModifiers.swift */ = {isa = PBXFileReference; lastKnownFileType = sourcecode.swift; path = NavBarTextModifiers.swift; sourceTree = "<group>"; };
		8E129DD929778F7B00D9C442 /* ButtonTappedModifier.swift */ = {isa = PBXFileReference; lastKnownFileType = sourcecode.swift; path = ButtonTappedModifier.swift; sourceTree = "<group>"; };
		8E15C3DD297A1FFD00BAF333 /* AppState.swift */ = {isa = PBXFileReference; lastKnownFileType = sourcecode.swift; path = AppState.swift; sourceTree = "<group>"; };
		8E15C3DF297A245700BAF333 /* DependencyInjection.swift */ = {isa = PBXFileReference; lastKnownFileType = sourcecode.swift; path = DependencyInjection.swift; sourceTree = "<group>"; };
		8E15C3E1297A2CDD00BAF333 /* InteractorsContainer.swift */ = {isa = PBXFileReference; lastKnownFileType = sourcecode.swift; path = InteractorsContainer.swift; sourceTree = "<group>"; };
		8E15C3E5297A2DFA00BAF333 /* AuthInteractor.swift */ = {isa = PBXFileReference; lastKnownFileType = sourcecode.swift; path = AuthInteractor.swift; sourceTree = "<group>"; };
		8E15C3E8297A329F00BAF333 /* CancelBag.swift */ = {isa = PBXFileReference; lastKnownFileType = sourcecode.swift; path = CancelBag.swift; sourceTree = "<group>"; };
		8E15C3EA297A3EA500BAF333 /* AppEnvironment.swift */ = {isa = PBXFileReference; lastKnownFileType = sourcecode.swift; path = AppEnvironment.swift; sourceTree = "<group>"; };
		8E1A98912975BF93007555A8 /* URL+QueryParams.swift */ = {isa = PBXFileReference; lastKnownFileType = sourcecode.swift; path = "URL+QueryParams.swift"; sourceTree = "<group>"; };
		8E1E11A02978E3CA00CD62DF /* RegistrationInfo.swift */ = {isa = PBXFileReference; lastKnownFileType = sourcecode.swift; path = RegistrationInfo.swift; sourceTree = "<group>"; };
		8E1E11A42978E56C00CD62DF /* AuthRepository.swift */ = {isa = PBXFileReference; lastKnownFileType = sourcecode.swift; path = AuthRepository.swift; sourceTree = "<group>"; };
		8E1E3EC62970635F00990D9D /* SplashScreen.swift */ = {isa = PBXFileReference; lastKnownFileType = sourcecode.swift; path = SplashScreen.swift; sourceTree = "<group>"; };
		8E1E3ECC297065FD00990D9D /* Poppins-Bold.ttf */ = {isa = PBXFileReference; lastKnownFileType = file; path = "Poppins-Bold.ttf"; sourceTree = "<group>"; };
		8E1E3ECD297065FD00990D9D /* Poppins-ExtraLight.ttf */ = {isa = PBXFileReference; lastKnownFileType = file; path = "Poppins-ExtraLight.ttf"; sourceTree = "<group>"; };
		8E1E3ECE297065FD00990D9D /* Poppins-Medium.ttf */ = {isa = PBXFileReference; lastKnownFileType = file; path = "Poppins-Medium.ttf"; sourceTree = "<group>"; };
		8E1E3ECF297065FD00990D9D /* Poppins-Thin.ttf */ = {isa = PBXFileReference; lastKnownFileType = file; path = "Poppins-Thin.ttf"; sourceTree = "<group>"; };
		8E1E3ED0297065FD00990D9D /* Poppins-Black.ttf */ = {isa = PBXFileReference; lastKnownFileType = file; path = "Poppins-Black.ttf"; sourceTree = "<group>"; };
		8E1E3ED1297065FD00990D9D /* Poppins-Regular.ttf */ = {isa = PBXFileReference; lastKnownFileType = file; path = "Poppins-Regular.ttf"; sourceTree = "<group>"; };
		8E1E3ED2297065FE00990D9D /* Poppins-SemiBold.ttf */ = {isa = PBXFileReference; lastKnownFileType = file; path = "Poppins-SemiBold.ttf"; sourceTree = "<group>"; };
		8E1E3ED3297065FE00990D9D /* Poppins-Light.ttf */ = {isa = PBXFileReference; lastKnownFileType = file; path = "Poppins-Light.ttf"; sourceTree = "<group>"; };
		8E1E3ED4297065FE00990D9D /* Poppins-ExtraBold.ttf */ = {isa = PBXFileReference; lastKnownFileType = file; path = "Poppins-ExtraBold.ttf"; sourceTree = "<group>"; };
		8E1E3EE02970697000990D9D /* Food-Example-Info.plist */ = {isa = PBXFileReference; fileEncoding = 4; lastKnownFileType = text.plist.xml; path = "Food-Example-Info.plist"; sourceTree = "<group>"; };
		8E1E3EE529706E0700990D9D /* AppCoordinator.swift */ = {isa = PBXFileReference; lastKnownFileType = sourcecode.swift; path = AppCoordinator.swift; sourceTree = "<group>"; };
		8E1E3EE9297072C600990D9D /* Fonts.swift */ = {isa = PBXFileReference; lastKnownFileType = sourcecode.swift; path = Fonts.swift; sourceTree = "<group>"; };
		8E1E3EEB297075F100990D9D /* DMSans-Bold.ttf */ = {isa = PBXFileReference; lastKnownFileType = file; path = "DMSans-Bold.ttf"; sourceTree = "<group>"; };
		8E1E3EED297077B400990D9D /* Theme.swift */ = {isa = PBXFileReference; lastKnownFileType = sourcecode.swift; path = Theme.swift; sourceTree = "<group>"; };
		8E1E3EF229707C2C00990D9D /* OnboardingScreen.swift */ = {isa = PBXFileReference; lastKnownFileType = sourcecode.swift; path = OnboardingScreen.swift; sourceTree = "<group>"; };
		8E1E3EF429707DC500990D9D /* Images.xcassets */ = {isa = PBXFileReference; lastKnownFileType = folder.assetcatalog; path = Images.xcassets; sourceTree = "<group>"; };
		8E1E3EF62970823D00990D9D /* OnboardingPageView.swift */ = {isa = PBXFileReference; lastKnownFileType = sourcecode.swift; path = OnboardingPageView.swift; sourceTree = "<group>"; };
		8E1E3EF82970878700990D9D /* Colors.xcassets */ = {isa = PBXFileReference; lastKnownFileType = folder.assetcatalog; path = Colors.xcassets; sourceTree = "<group>"; };
		8E241F7129790233007E4025 /* SessionService.swift */ = {isa = PBXFileReference; lastKnownFileType = sourcecode.swift; path = SessionService.swift; sourceTree = "<group>"; };
		8E241F7329790CCF007E4025 /* UserInfo.swift */ = {isa = PBXFileReference; lastKnownFileType = sourcecode.swift; path = UserInfo.swift; sourceTree = "<group>"; };
		8E287831296EE1FB00AD8D25 /* Food_Example.app */ = {isa = PBXFileReference; explicitFileType = wrapper.application; includeInIndex = 0; path = Food_Example.app; sourceTree = BUILT_PRODUCTS_DIR; };
		8E287834296EE1FB00AD8D25 /* Food_ExampleApp.swift */ = {isa = PBXFileReference; lastKnownFileType = sourcecode.swift; path = Food_ExampleApp.swift; sourceTree = "<group>"; };
		8E287836296EE1FB00AD8D25 /* MainScreen.swift */ = {isa = PBXFileReference; lastKnownFileType = sourcecode.swift; path = MainScreen.swift; sourceTree = "<group>"; };
		8E287838296EE1FD00AD8D25 /* Assets.xcassets */ = {isa = PBXFileReference; lastKnownFileType = folder.assetcatalog; path = Assets.xcassets; sourceTree = "<group>"; };
		8E330986297F27D7006B2145 /* RecipesInteractor.swift */ = {isa = PBXFileReference; lastKnownFileType = sourcecode.swift; name = RecipesInteractor.swift; path = ../Repository/RecipesInteractor.swift; sourceTree = "<group>"; };
		8E330988297F3972006B2145 /* RecipesWebRepository.swift */ = {isa = PBXFileReference; lastKnownFileType = sourcecode.swift; path = RecipesWebRepository.swift; sourceTree = "<group>"; };
		8E39E151297B7C8C0042A551 /* ResetPasswordScreen.swift */ = {isa = PBXFileReference; lastKnownFileType = sourcecode.swift; path = ResetPasswordScreen.swift; sourceTree = "<group>"; };
		8E448F5E297BA6EC00F3C7D7 /* Send.json */ = {isa = PBXFileReference; fileEncoding = 4; lastKnownFileType = text.json; path = Send.json; sourceTree = "<group>"; };
		8E448F61297BAA8800F3C7D7 /* Popup.swift */ = {isa = PBXFileReference; lastKnownFileType = sourcecode.swift; path = Popup.swift; sourceTree = "<group>"; };
		8E4E317F2974CE5E00C05818 /* GoogleService-Info.plist */ = {isa = PBXFileReference; fileEncoding = 4; lastKnownFileType = text.plist.xml; path = "GoogleService-Info.plist"; sourceTree = "<group>"; };
		8E75642E297FB24800767FB8 /* RequestParameters.swift */ = {isa = PBXFileReference; lastKnownFileType = sourcecode.swift; path = RequestParameters.swift; sourceTree = "<group>"; };
		8E88ECCB297B920A00ACF1C7 /* LottieView.swift */ = {isa = PBXFileReference; lastKnownFileType = sourcecode.swift; path = LottieView.swift; sourceTree = "<group>"; };
		8E88ECD9297BA03700ACF1C7 /* Loader.json */ = {isa = PBXFileReference; fileEncoding = 4; lastKnownFileType = text.json; path = Loader.json; sourceTree = "<group>"; };
		8EB243222976E2BF00C1076C /* SignInScreen.swift */ = {isa = PBXFileReference; lastKnownFileType = sourcecode.swift; path = SignInScreen.swift; sourceTree = "<group>"; };
		8EBB22A5297DF57F00A15692 /* AuthErrorLabel.swift */ = {isa = PBXFileReference; lastKnownFileType = sourcecode.swift; path = AuthErrorLabel.swift; sourceTree = "<group>"; };
		8EBFCA4E2972C5890056C8BF /* HideKeyboard.swift */ = {isa = PBXFileReference; lastKnownFileType = sourcecode.swift; path = HideKeyboard.swift; sourceTree = "<group>"; };
		8EC926E6297466490012B0D5 /* RecipeGrid.swift */ = {isa = PBXFileReference; lastKnownFileType = sourcecode.swift; path = RecipeGrid.swift; sourceTree = "<group>"; };
		8ECB36272971A5B30015646D /* OnboardingNavigationButton.swift */ = {isa = PBXFileReference; lastKnownFileType = sourcecode.swift; path = OnboardingNavigationButton.swift; sourceTree = "<group>"; };
		8ECB362B2971AA5F0015646D /* ShadowModifiers.swift */ = {isa = PBXFileReference; lastKnownFileType = sourcecode.swift; path = ShadowModifiers.swift; sourceTree = "<group>"; };
		8ECB362D2971C0890015646D /* CapsuleButton.swift */ = {isa = PBXFileReference; lastKnownFileType = sourcecode.swift; path = CapsuleButton.swift; sourceTree = "<group>"; };
		8ECB36302971CA1B0015646D /* BorderedTextField.swift */ = {isa = PBXFileReference; lastKnownFileType = sourcecode.swift; path = BorderedTextField.swift; sourceTree = "<group>"; };
		8ECB36332971F7040015646D /* ReadSize.swift */ = {isa = PBXFileReference; lastKnownFileType = sourcecode.swift; path = ReadSize.swift; sourceTree = "<group>"; };
		8ECB36352971FBFE0015646D /* NavigationBarView.swift */ = {isa = PBXFileReference; lastKnownFileType = sourcecode.swift; path = NavigationBarView.swift; sourceTree = "<group>"; };
		8ECB36372971FED40015646D /* SignUpScreen.swift */ = {isa = PBXFileReference; lastKnownFileType = sourcecode.swift; path = SignUpScreen.swift; sourceTree = "<group>"; };
		8ECB3639297207130015646D /* RoundedFilledButton.swift */ = {isa = PBXFileReference; lastKnownFileType = sourcecode.swift; path = RoundedFilledButton.swift; sourceTree = "<group>"; };
		8ECB363B29720C470015646D /* GoogleButton.swift */ = {isa = PBXFileReference; lastKnownFileType = sourcecode.swift; path = GoogleButton.swift; sourceTree = "<group>"; };
		8EF6378D29736D2800AAD62E /* Recipe.swift */ = {isa = PBXFileReference; lastKnownFileType = sourcecode.swift; path = Recipe.swift; sourceTree = "<group>"; };
		99A119B01161D5F324E565BF /* Pods-Food_Example.debug.xcconfig */ = {isa = PBXFileReference; includeInIndex = 1; lastKnownFileType = text.xcconfig; name = "Pods-Food_Example.debug.xcconfig"; path = "Target Support Files/Pods-Food_Example/Pods-Food_Example.debug.xcconfig"; sourceTree = "<group>"; };
		CB13102025C97D49767D5162 /* libPods-Food_Example.a */ = {isa = PBXFileReference; explicitFileType = archive.ar; includeInIndex = 0; path = "libPods-Food_Example.a"; sourceTree = BUILT_PRODUCTS_DIR; };
		F15305536270F35792D3CD25 /* Pods-Food_Example.release.xcconfig */ = {isa = PBXFileReference; includeInIndex = 1; lastKnownFileType = text.xcconfig; name = "Pods-Food_Example.release.xcconfig"; path = "Target Support Files/Pods-Food_Example/Pods-Food_Example.release.xcconfig"; sourceTree = "<group>"; };
/* End PBXFileReference section */

/* Begin PBXFrameworksBuildPhase section */
		8E28782E296EE1FB00AD8D25 /* Frameworks */ = {
			isa = PBXFrameworksBuildPhase;
			buildActionMask = 2147483647;
			files = (
				DAC2CE7C0EA88D94EC95DE00 /* libPods-Food_Example.a in Frameworks */,
			);
			runOnlyForDeploymentPostprocessing = 0;
		};
/* End PBXFrameworksBuildPhase section */

/* Begin PBXGroup section */
		6507499C5BEEF342FCC2F4F1 /* Pods */ = {
			isa = PBXGroup;
			children = (
				99A119B01161D5F324E565BF /* Pods-Food_Example.debug.xcconfig */,
				F15305536270F35792D3CD25 /* Pods-Food_Example.release.xcconfig */,
			);
			path = Pods;
			sourceTree = "<group>";
		};
		8E15C3DC297A1FEB00BAF333 /* Injected */ = {
			isa = PBXGroup;
			children = (
				8E15C3DD297A1FFD00BAF333 /* AppState.swift */,
				8E15C3E1297A2CDD00BAF333 /* InteractorsContainer.swift */,
				8E15C3DF297A245700BAF333 /* DependencyInjection.swift */,
			);
			path = Injected;
			sourceTree = "<group>";
		};
		8E15C3E7297A328F00BAF333 /* Utilities */ = {
			isa = PBXGroup;
			children = (
				8E15C3E8297A329F00BAF333 /* CancelBag.swift */,
			);
			path = Utilities;
			sourceTree = "<group>";
		};
		8E1E11A32978E55000CD62DF /* Repository */ = {
			isa = PBXGroup;
			children = (
				8E1E11A42978E56C00CD62DF /* AuthRepository.swift */,
				8E330988297F3972006B2145 /* RecipesWebRepository.swift */,
			);
			path = Repository;
			sourceTree = "<group>";
		};
		8E1E3EC0297062EB00990D9D /* App */ = {
			isa = PBXGroup;
			children = (
				8E1E3EE02970697000990D9D /* Food-Example-Info.plist */,
				8E4E317F2974CE5E00C05818 /* GoogleService-Info.plist */,
				8E287834296EE1FB00AD8D25 /* Food_ExampleApp.swift */,
				8E15C3EA297A3EA500BAF333 /* AppEnvironment.swift */,
			);
			path = App;
			sourceTree = "<group>";
		};
		8E1E3EC22970631100990D9D /* Presentation */ = {
			isa = PBXGroup;
			children = (
				8E854683297A571400AC76BA /* Screens */,
				8ECB36292971AA350015646D /* Components */,
				8E1E3EC82970658A00990D9D /* Theme */,
			);
			path = Presentation;
			sourceTree = "<group>";
		};
		8E1E3EC42970633700990D9D /* AppCoordinator */ = {
			isa = PBXGroup;
			children = (
				8E1E3EE529706E0700990D9D /* AppCoordinator.swift */,
			);
			path = AppCoordinator;
			sourceTree = "<group>";
		};
		8E1E3EC82970658A00990D9D /* Theme */ = {
			isa = PBXGroup;
			children = (
				8E1E3EC92970659300990D9D /* Fonts */,
				8E1E3EED297077B400990D9D /* Theme.swift */,
			);
			path = Theme;
			sourceTree = "<group>";
		};
		8E1E3EC92970659300990D9D /* Fonts */ = {
			isa = PBXGroup;
			children = (
				8E1E3EE9297072C600990D9D /* Fonts.swift */,
			);
			path = Fonts;
			sourceTree = "<group>";
		};
		8E1E3ECA297065BB00990D9D /* Resources */ = {
			isa = PBXGroup;
			children = (
				8E88ECC8297B91A200ACF1C7 /* Lottie */,
				8E1E3ECB297065E300990D9D /* Fonts */,
				8E287838296EE1FD00AD8D25 /* Assets.xcassets */,
				8E1E3EF429707DC500990D9D /* Images.xcassets */,
				8E1E3EF82970878700990D9D /* Colors.xcassets */,
			);
			path = Resources;
			sourceTree = "<group>";
		};
		8E1E3ECB297065E300990D9D /* Fonts */ = {
			isa = PBXGroup;
			children = (
				8E39E153297B917D0042A551 /* Lottie */,
				8E1E3EEB297075F100990D9D /* DMSans-Bold.ttf */,
				8E1E3ED0297065FD00990D9D /* Poppins-Black.ttf */,
				8E1E3ECC297065FD00990D9D /* Poppins-Bold.ttf */,
				8E1E3ED4297065FE00990D9D /* Poppins-ExtraBold.ttf */,
				8E1E3ECD297065FD00990D9D /* Poppins-ExtraLight.ttf */,
				8E1E3ED3297065FE00990D9D /* Poppins-Light.ttf */,
				8E1E3ECE297065FD00990D9D /* Poppins-Medium.ttf */,
				8E1E3ED1297065FD00990D9D /* Poppins-Regular.ttf */,
				8E1E3ED2297065FE00990D9D /* Poppins-SemiBold.ttf */,
				8E1E3ECF297065FD00990D9D /* Poppins-Thin.ttf */,
			);
			path = Fonts;
			sourceTree = "<group>";
		};
		8E287828296EE1FB00AD8D25 = {
			isa = PBXGroup;
			children = (
				8E287833296EE1FB00AD8D25 /* Food_Example */,
				8E287832296EE1FB00AD8D25 /* Products */,
				6507499C5BEEF342FCC2F4F1 /* Pods */,
				E3B5EC4911DCDF598C486067 /* Frameworks */,
			);
			sourceTree = "<group>";
		};
		8E287832296EE1FB00AD8D25 /* Products */ = {
			isa = PBXGroup;
			children = (
				8E287831296EE1FB00AD8D25 /* Food_Example.app */,
			);
			name = Products;
			sourceTree = "<group>";
		};
		8E287833296EE1FB00AD8D25 /* Food_Example */ = {
			isa = PBXGroup;
			children = (
				8E15C3E7297A328F00BAF333 /* Utilities */,
				8E1E3EC0297062EB00990D9D /* App */,
				8E1E3EC42970633700990D9D /* AppCoordinator */,
				8E49D6852979C7CB004C53AE /* Services */,
				8E15C3DC297A1FEB00BAF333 /* Injected */,
				8E330985297F279B006B2145 /* Models */,
				8E1E11A32978E55000CD62DF /* Repository */,
				8E41786D297A19290065731A /* Interactor */,
				8E1E3EC22970631100990D9D /* Presentation */,
				8E1E3ECA297065BB00990D9D /* Resources */,
			);
			path = Food_Example;
			sourceTree = "<group>";
		};
		8E330985297F279B006B2145 /* Models */ = {
			isa = PBXGroup;
			children = (
				8EF6378D29736D2800AAD62E /* Recipe.swift */,
				8E1E11A02978E3CA00CD62DF /* RegistrationInfo.swift */,
				8E241F7329790CCF007E4025 /* UserInfo.swift */,
				8E75642E297FB24800767FB8 /* RequestParameters.swift */,
			);
			path = Models;
			sourceTree = "<group>";
		};
		8E39E153297B917D0042A551 /* Lottie */ = {
			isa = PBXGroup;
			children = (
			);
			path = Lottie;
			sourceTree = "<group>";
		};
		8E41786D297A19290065731A /* Interactor */ = {
			isa = PBXGroup;
			children = (
				8E330986297F27D7006B2145 /* RecipesInteractor.swift */,
				8E15C3E5297A2DFA00BAF333 /* AuthInteractor.swift */,
			);
			path = Interactor;
			sourceTree = "<group>";
		};
		8E448F60297BAA2100F3C7D7 /* PopUp */ = {
			isa = PBXGroup;
			children = (
				8E448F61297BAA8800F3C7D7 /* Popup.swift */,
			);
			path = PopUp;
			sourceTree = "<group>";
		};
		8E49D6852979C7CB004C53AE /* Services */ = {
			isa = PBXGroup;
			children = (
				8E241F7129790233007E4025 /* SessionService.swift */,
			);
			path = Services;
			sourceTree = "<group>";
		};
		8E854683297A571400AC76BA /* Screens */ = {
			isa = PBXGroup;
			children = (
				8ECB36372971FED40015646D /* SignUpScreen.swift */,
				8EB243222976E2BF00C1076C /* SignInScreen.swift */,
				8E39E151297B7C8C0042A551 /* ResetPasswordScreen.swift */,
				8E1E3EC62970635F00990D9D /* SplashScreen.swift */,
				8E1E3EF229707C2C00990D9D /* OnboardingScreen.swift */,
				8E287836296EE1FB00AD8D25 /* MainScreen.swift */,
			);
			path = Screens;
			sourceTree = "<group>";
		};
		8E88ECC8297B91A200ACF1C7 /* Lottie */ = {
			isa = PBXGroup;
			children = (
				8E448F5E297BA6EC00F3C7D7 /* Send.json */,
				8E88ECD9297BA03700ACF1C7 /* Loader.json */,
			);
			path = Lottie;
			sourceTree = "<group>";
		};
		8ECB36292971AA350015646D /* Components */ = {
			isa = PBXGroup;
			children = (
				8ECB36322971F6F40015646D /* Extensions */,
				8ECB362A2971AA4D0015646D /* Modifiers */,
				8E448F60297BAA2100F3C7D7 /* PopUp */,
				8EBB22A5297DF57F00A15692 /* AuthErrorLabel.swift */,
				8ECB36302971CA1B0015646D /* BorderedTextField.swift */,
				8E1E3EF62970823D00990D9D /* OnboardingPageView.swift */,
				8ECB36272971A5B30015646D /* OnboardingNavigationButton.swift */,
				8EC926E6297466490012B0D5 /* RecipeGrid.swift */,
				8ECB3639297207130015646D /* RoundedFilledButton.swift */,
				8ECB363B29720C470015646D /* GoogleButton.swift */,
				8ECB362D2971C0890015646D /* CapsuleButton.swift */,
				8E88ECCB297B920A00ACF1C7 /* LottieView.swift */,
			);
			path = Components;
			sourceTree = "<group>";
		};
		8ECB362A2971AA4D0015646D /* Modifiers */ = {
			isa = PBXGroup;
			children = (
				8ECB362B2971AA5F0015646D /* ShadowModifiers.swift */,
				8E129DCD29775A0600D9C442 /* NavBarTextModifiers.swift */,
				8E129DD929778F7B00D9C442 /* ButtonTappedModifier.swift */,
			);
			path = Modifiers;
			sourceTree = "<group>";
		};
		8ECB36322971F6F40015646D /* Extensions */ = {
			isa = PBXGroup;
			children = (
				8ECB36332971F7040015646D /* ReadSize.swift */,
				8ECB36352971FBFE0015646D /* NavigationBarView.swift */,
				8E1A98912975BF93007555A8 /* URL+QueryParams.swift */,
				8EBFCA4E2972C5890056C8BF /* HideKeyboard.swift */,
			);
			path = Extensions;
			sourceTree = "<group>";
		};
		E3B5EC4911DCDF598C486067 /* Frameworks */ = {
			isa = PBXGroup;
			children = (
				CB13102025C97D49767D5162 /* libPods-Food_Example.a */,
			);
			name = Frameworks;
			sourceTree = "<group>";
		};
/* End PBXGroup section */

/* Begin PBXNativeTarget section */
		8E287830296EE1FB00AD8D25 /* Food_Example */ = {
			isa = PBXNativeTarget;
			buildConfigurationList = 8E28783F296EE1FD00AD8D25 /* Build configuration list for PBXNativeTarget "Food_Example" */;
			buildPhases = (
				826B9FC757989B3A383D4BA7 /* [CP] Check Pods Manifest.lock */,
				8E28782D296EE1FB00AD8D25 /* Sources */,
				8E28782E296EE1FB00AD8D25 /* Frameworks */,
				8E28782F296EE1FB00AD8D25 /* Resources */,
				8EB4EC93296F029E00BDB2CF /* SwiftLint */,
				7F93987C55A21ACA2DC0976D /* [CP] Copy Pods Resources */,
			);
			buildRules = (
			);
			dependencies = (
			);
			name = Food_Example;
			productName = Food_Example;
			productReference = 8E287831296EE1FB00AD8D25 /* Food_Example.app */;
			productType = "com.apple.product-type.application";
		};
/* End PBXNativeTarget section */

/* Begin PBXProject section */
		8E287829296EE1FB00AD8D25 /* Project object */ = {
			isa = PBXProject;
			attributes = {
				BuildIndependentTargetsInParallel = 1;
				LastSwiftUpdateCheck = 1400;
				LastUpgradeCheck = 1400;
				TargetAttributes = {
					8E287830296EE1FB00AD8D25 = {
						CreatedOnToolsVersion = 14.0.1;
					};
				};
			};
			buildConfigurationList = 8E28782C296EE1FB00AD8D25 /* Build configuration list for PBXProject "Food_Example" */;
			compatibilityVersion = "Xcode 14.0";
			developmentRegion = en;
			hasScannedForEncodings = 0;
			knownRegions = (
				en,
				Base,
			);
			mainGroup = 8E287828296EE1FB00AD8D25;
			productRefGroup = 8E287832296EE1FB00AD8D25 /* Products */;
			projectDirPath = "";
			projectRoot = "";
			targets = (
				8E287830296EE1FB00AD8D25 /* Food_Example */,
			);
		};
/* End PBXProject section */

/* Begin PBXResourcesBuildPhase section */
		8E28782F296EE1FB00AD8D25 /* Resources */ = {
			isa = PBXResourcesBuildPhase;
			buildActionMask = 2147483647;
			files = (
				8E448F5F297BA6EC00F3C7D7 /* Send.json in Resources */,
				8E1E3ED6297065FE00990D9D /* Poppins-ExtraLight.ttf in Resources */,
				8E1E3EDC297065FE00990D9D /* Poppins-Light.ttf in Resources */,
				8E4E31802974CE5E00C05818 /* GoogleService-Info.plist in Resources */,
				8E1E3ED5297065FE00990D9D /* Poppins-Bold.ttf in Resources */,
				8E1E3ED9297065FE00990D9D /* Poppins-Black.ttf in Resources */,
				8E1E3EEC297075F100990D9D /* DMSans-Bold.ttf in Resources */,
				8E1E3EF529707DC500990D9D /* Images.xcassets in Resources */,
				8E1E3ED8297065FE00990D9D /* Poppins-Thin.ttf in Resources */,
				8E287839296EE1FD00AD8D25 /* Assets.xcassets in Resources */,
				8E1E3EDD297065FE00990D9D /* Poppins-ExtraBold.ttf in Resources */,
				8E1E3EDB297065FE00990D9D /* Poppins-SemiBold.ttf in Resources */,
				8E1E3ED7297065FE00990D9D /* Poppins-Medium.ttf in Resources */,
				8E88ECDA297BA03700ACF1C7 /* Loader.json in Resources */,
				8E1E3EF92970878700990D9D /* Colors.xcassets in Resources */,
				8E1E3EDA297065FE00990D9D /* Poppins-Regular.ttf in Resources */,
				8E1E3EE12970697000990D9D /* Food-Example-Info.plist in Resources */,
			);
			runOnlyForDeploymentPostprocessing = 0;
		};
/* End PBXResourcesBuildPhase section */

/* Begin PBXShellScriptBuildPhase section */
		7F93987C55A21ACA2DC0976D /* [CP] Copy Pods Resources */ = {
			isa = PBXShellScriptBuildPhase;
			buildActionMask = 2147483647;
			files = (
			);
			inputFileListPaths = (
				"${PODS_ROOT}/Target Support Files/Pods-Food_Example/Pods-Food_Example-resources-${CONFIGURATION}-input-files.xcfilelist",
			);
			name = "[CP] Copy Pods Resources";
			outputFileListPaths = (
				"${PODS_ROOT}/Target Support Files/Pods-Food_Example/Pods-Food_Example-resources-${CONFIGURATION}-output-files.xcfilelist",
			);
			runOnlyForDeploymentPostprocessing = 0;
			shellPath = /bin/sh;
			shellScript = "\"${PODS_ROOT}/Target Support Files/Pods-Food_Example/Pods-Food_Example-resources.sh\"\n";
			showEnvVarsInLog = 0;
		};
		826B9FC757989B3A383D4BA7 /* [CP] Check Pods Manifest.lock */ = {
			isa = PBXShellScriptBuildPhase;
			buildActionMask = 2147483647;
			files = (
			);
			inputFileListPaths = (
			);
			inputPaths = (
				"${PODS_PODFILE_DIR_PATH}/Podfile.lock",
				"${PODS_ROOT}/Manifest.lock",
			);
			name = "[CP] Check Pods Manifest.lock";
			outputFileListPaths = (
			);
			outputPaths = (
				"$(DERIVED_FILE_DIR)/Pods-Food_Example-checkManifestLockResult.txt",
			);
			runOnlyForDeploymentPostprocessing = 0;
			shellPath = /bin/sh;
			shellScript = "diff \"${PODS_PODFILE_DIR_PATH}/Podfile.lock\" \"${PODS_ROOT}/Manifest.lock\" > /dev/null\nif [ $? != 0 ] ; then\n    # print error to STDERR\n    echo \"error: The sandbox is not in sync with the Podfile.lock. Run 'pod install' or update your CocoaPods installation.\" >&2\n    exit 1\nfi\n# This output is used by Xcode 'outputs' to avoid re-running this script phase.\necho \"SUCCESS\" > \"${SCRIPT_OUTPUT_FILE_0}\"\n";
			showEnvVarsInLog = 0;
		};
		8EB4EC93296F029E00BDB2CF /* SwiftLint */ = {
			isa = PBXShellScriptBuildPhase;
			alwaysOutOfDate = 1;
			buildActionMask = 2147483647;
			files = (
			);
			inputFileListPaths = (
			);
			inputPaths = (
			);
			name = SwiftLint;
			outputFileListPaths = (
			);
			outputPaths = (
			);
			runOnlyForDeploymentPostprocessing = 0;
			shellPath = /bin/sh;
			shellScript = "\"${PODS_ROOT}/SwiftLint/swiftlint\" lint --strict\n";
			showEnvVarsInLog = 0;
		};
/* End PBXShellScriptBuildPhase section */

/* Begin PBXSourcesBuildPhase section */
		8E28782D296EE1FB00AD8D25 /* Sources */ = {
			isa = PBXSourcesBuildPhase;
			buildActionMask = 2147483647;
			files = (
				8E15C3E9297A329F00BAF333 /* CancelBag.swift in Sources */,
				8E448F62297BAA8800F3C7D7 /* Popup.swift in Sources */,
				8EBFCA4F2972C5890056C8BF /* HideKeyboard.swift in Sources */,
				8E1E11A52978E56C00CD62DF /* AuthRepository.swift in Sources */,
				8E1E3EF329707C2C00990D9D /* OnboardingScreen.swift in Sources */,
				8E1E3EEE297077B400990D9D /* Theme.swift in Sources */,
				8EC926E7297466490012B0D5 /* RecipeGrid.swift in Sources */,
				8E15C3DE297A1FFD00BAF333 /* AppState.swift in Sources */,
				8E88ECCC297B920A00ACF1C7 /* LottieView.swift in Sources */,
				8ECB36312971CA1B0015646D /* BorderedTextField.swift in Sources */,
				8E241F7229790233007E4025 /* SessionService.swift in Sources */,
				8E1E3EEA297072C600990D9D /* Fonts.swift in Sources */,
				8ECB363C29720C470015646D /* GoogleButton.swift in Sources */,
				8E39E152297B7C8C0042A551 /* ResetPasswordScreen.swift in Sources */,
				8ECB362C2971AA5F0015646D /* ShadowModifiers.swift in Sources */,
				8E1E3EC72970635F00990D9D /* SplashScreen.swift in Sources */,
				8E75642F297FB24800767FB8 /* RequestParameters.swift in Sources */,
				8E1A98922975BF93007555A8 /* URL+QueryParams.swift in Sources */,
				8E287837296EE1FB00AD8D25 /* MainScreen.swift in Sources */,
				8ECB36362971FBFE0015646D /* NavigationBarView.swift in Sources */,
				8ECB36342971F7040015646D /* ReadSize.swift in Sources */,
				8E1E3EF72970823D00990D9D /* OnboardingPageView.swift in Sources */,
				8ECB36382971FED40015646D /* SignUpScreen.swift in Sources */,
				8E330987297F27D7006B2145 /* RecipesInteractor.swift in Sources */,
				8E15C3E0297A245700BAF333 /* DependencyInjection.swift in Sources */,
				8E330989297F3972006B2145 /* RecipesWebRepository.swift in Sources */,
				8EB243232976E2BF00C1076C /* SignInScreen.swift in Sources */,
				8E129DCE29775A0600D9C442 /* NavBarTextModifiers.swift in Sources */,
				8E129DDA29778F7B00D9C442 /* ButtonTappedModifier.swift in Sources */,
				8E241F7429790CCF007E4025 /* UserInfo.swift in Sources */,
				8EBB22A6297DF57F00A15692 /* AuthErrorLabel.swift in Sources */,
				8E287835296EE1FB00AD8D25 /* Food_ExampleApp.swift in Sources */,
				8E15C3EB297A3EA500BAF333 /* AppEnvironment.swift in Sources */,
				8E1E11A12978E3CA00CD62DF /* RegistrationInfo.swift in Sources */,
				8EF6378E29736D2800AAD62E /* Recipe.swift in Sources */,
				8E1E3EE629706E0700990D9D /* AppCoordinator.swift in Sources */,
				8E15C3E2297A2CDD00BAF333 /* InteractorsContainer.swift in Sources */,
				8E15C3E6297A2DFA00BAF333 /* AuthInteractor.swift in Sources */,
				8ECB363A297207130015646D /* RoundedFilledButton.swift in Sources */,
				8ECB362E2971C0890015646D /* CapsuleButton.swift in Sources */,
				8ECB36282971A5B30015646D /* OnboardingNavigationButton.swift in Sources */,
			);
			runOnlyForDeploymentPostprocessing = 0;
		};
/* End PBXSourcesBuildPhase section */

/* Begin XCBuildConfiguration section */
		8E28783D296EE1FD00AD8D25 /* Debug */ = {
			isa = XCBuildConfiguration;
			buildSettings = {
				ALWAYS_SEARCH_USER_PATHS = NO;
				CLANG_ANALYZER_NONNULL = YES;
				CLANG_ANALYZER_NUMBER_OBJECT_CONVERSION = YES_AGGRESSIVE;
				CLANG_CXX_LANGUAGE_STANDARD = "gnu++20";
				CLANG_ENABLE_MODULES = YES;
				CLANG_ENABLE_OBJC_ARC = YES;
				CLANG_ENABLE_OBJC_WEAK = YES;
				CLANG_WARN_BLOCK_CAPTURE_AUTORELEASING = YES;
				CLANG_WARN_BOOL_CONVERSION = YES;
				CLANG_WARN_COMMA = YES;
				CLANG_WARN_CONSTANT_CONVERSION = YES;
				CLANG_WARN_DEPRECATED_OBJC_IMPLEMENTATIONS = YES;
				CLANG_WARN_DIRECT_OBJC_ISA_USAGE = YES_ERROR;
				CLANG_WARN_DOCUMENTATION_COMMENTS = YES;
				CLANG_WARN_EMPTY_BODY = YES;
				CLANG_WARN_ENUM_CONVERSION = YES;
				CLANG_WARN_INFINITE_RECURSION = YES;
				CLANG_WARN_INT_CONVERSION = YES;
				CLANG_WARN_NON_LITERAL_NULL_CONVERSION = YES;
				CLANG_WARN_OBJC_IMPLICIT_RETAIN_SELF = YES;
				CLANG_WARN_OBJC_LITERAL_CONVERSION = YES;
				CLANG_WARN_OBJC_ROOT_CLASS = YES_ERROR;
				CLANG_WARN_QUOTED_INCLUDE_IN_FRAMEWORK_HEADER = YES;
				CLANG_WARN_RANGE_LOOP_ANALYSIS = YES;
				CLANG_WARN_STRICT_PROTOTYPES = YES;
				CLANG_WARN_SUSPICIOUS_MOVE = YES;
				CLANG_WARN_UNGUARDED_AVAILABILITY = YES_AGGRESSIVE;
				CLANG_WARN_UNREACHABLE_CODE = YES;
				CLANG_WARN__DUPLICATE_METHOD_MATCH = YES;
				COPY_PHASE_STRIP = NO;
				DEBUG_INFORMATION_FORMAT = dwarf;
				ENABLE_STRICT_OBJC_MSGSEND = YES;
				ENABLE_TESTABILITY = YES;
				GCC_C_LANGUAGE_STANDARD = gnu11;
				GCC_DYNAMIC_NO_PIC = NO;
				GCC_NO_COMMON_BLOCKS = YES;
				GCC_OPTIMIZATION_LEVEL = 0;
				GCC_PREPROCESSOR_DEFINITIONS = (
					"DEBUG=1",
					"$(inherited)",
				);
				GCC_WARN_64_TO_32_BIT_CONVERSION = YES;
				GCC_WARN_ABOUT_RETURN_TYPE = YES_ERROR;
				GCC_WARN_UNDECLARED_SELECTOR = YES;
				GCC_WARN_UNINITIALIZED_AUTOS = YES_AGGRESSIVE;
				GCC_WARN_UNUSED_FUNCTION = YES;
				GCC_WARN_UNUSED_VARIABLE = YES;
				IPHONEOS_DEPLOYMENT_TARGET = 16.0;
				MTL_ENABLE_DEBUG_INFO = INCLUDE_SOURCE;
				MTL_FAST_MATH = YES;
				ONLY_ACTIVE_ARCH = YES;
				SDKROOT = iphoneos;
				SWIFT_ACTIVE_COMPILATION_CONDITIONS = DEBUG;
				SWIFT_OPTIMIZATION_LEVEL = "-Onone";
			};
			name = Debug;
		};
		8E28783E296EE1FD00AD8D25 /* Release */ = {
			isa = XCBuildConfiguration;
			buildSettings = {
				ALWAYS_SEARCH_USER_PATHS = NO;
				CLANG_ANALYZER_NONNULL = YES;
				CLANG_ANALYZER_NUMBER_OBJECT_CONVERSION = YES_AGGRESSIVE;
				CLANG_CXX_LANGUAGE_STANDARD = "gnu++20";
				CLANG_ENABLE_MODULES = YES;
				CLANG_ENABLE_OBJC_ARC = YES;
				CLANG_ENABLE_OBJC_WEAK = YES;
				CLANG_WARN_BLOCK_CAPTURE_AUTORELEASING = YES;
				CLANG_WARN_BOOL_CONVERSION = YES;
				CLANG_WARN_COMMA = YES;
				CLANG_WARN_CONSTANT_CONVERSION = YES;
				CLANG_WARN_DEPRECATED_OBJC_IMPLEMENTATIONS = YES;
				CLANG_WARN_DIRECT_OBJC_ISA_USAGE = YES_ERROR;
				CLANG_WARN_DOCUMENTATION_COMMENTS = YES;
				CLANG_WARN_EMPTY_BODY = YES;
				CLANG_WARN_ENUM_CONVERSION = YES;
				CLANG_WARN_INFINITE_RECURSION = YES;
				CLANG_WARN_INT_CONVERSION = YES;
				CLANG_WARN_NON_LITERAL_NULL_CONVERSION = YES;
				CLANG_WARN_OBJC_IMPLICIT_RETAIN_SELF = YES;
				CLANG_WARN_OBJC_LITERAL_CONVERSION = YES;
				CLANG_WARN_OBJC_ROOT_CLASS = YES_ERROR;
				CLANG_WARN_QUOTED_INCLUDE_IN_FRAMEWORK_HEADER = YES;
				CLANG_WARN_RANGE_LOOP_ANALYSIS = YES;
				CLANG_WARN_STRICT_PROTOTYPES = YES;
				CLANG_WARN_SUSPICIOUS_MOVE = YES;
				CLANG_WARN_UNGUARDED_AVAILABILITY = YES_AGGRESSIVE;
				CLANG_WARN_UNREACHABLE_CODE = YES;
				CLANG_WARN__DUPLICATE_METHOD_MATCH = YES;
				COPY_PHASE_STRIP = NO;
				DEBUG_INFORMATION_FORMAT = "dwarf-with-dsym";
				ENABLE_NS_ASSERTIONS = NO;
				ENABLE_STRICT_OBJC_MSGSEND = YES;
				GCC_C_LANGUAGE_STANDARD = gnu11;
				GCC_NO_COMMON_BLOCKS = YES;
				GCC_WARN_64_TO_32_BIT_CONVERSION = YES;
				GCC_WARN_ABOUT_RETURN_TYPE = YES_ERROR;
				GCC_WARN_UNDECLARED_SELECTOR = YES;
				GCC_WARN_UNINITIALIZED_AUTOS = YES_AGGRESSIVE;
				GCC_WARN_UNUSED_FUNCTION = YES;
				GCC_WARN_UNUSED_VARIABLE = YES;
				IPHONEOS_DEPLOYMENT_TARGET = 16.0;
				MTL_ENABLE_DEBUG_INFO = NO;
				MTL_FAST_MATH = YES;
				SDKROOT = iphoneos;
				SWIFT_COMPILATION_MODE = wholemodule;
				SWIFT_OPTIMIZATION_LEVEL = "-O";
				VALIDATE_PRODUCT = YES;
			};
			name = Release;
		};
		8E287840296EE1FD00AD8D25 /* Debug */ = {
			isa = XCBuildConfiguration;
			baseConfigurationReference = 99A119B01161D5F324E565BF /* Pods-Food_Example.debug.xcconfig */;
			buildSettings = {
				ASSETCATALOG_COMPILER_APPICON_NAME = AppIcon;
				ASSETCATALOG_COMPILER_GLOBAL_ACCENT_COLOR_NAME = AccentColor;
				CODE_SIGN_STYLE = Automatic;
				CURRENT_PROJECT_VERSION = 1;
				DEVELOPMENT_ASSET_PATHS = "";
				DEVELOPMENT_TEAM = KCWZ7J339M;
				ENABLE_PREVIEWS = YES;
				GENERATE_INFOPLIST_FILE = YES;
				INFOPLIST_FILE = "Food_Example/App/Food-Example-Info.plist";
				INFOPLIST_KEY_UIApplicationSceneManifest_Generation = YES;
				INFOPLIST_KEY_UIApplicationSupportsIndirectInputEvents = YES;
				INFOPLIST_KEY_UILaunchScreen_Generation = YES;
				INFOPLIST_KEY_UILaunchStoryboardName = SplashScreen.storyboard;
				INFOPLIST_KEY_UISupportedInterfaceOrientations_iPad = "UIInterfaceOrientationPortrait UIInterfaceOrientationPortraitUpsideDown UIInterfaceOrientationLandscapeLeft UIInterfaceOrientationLandscapeRight";
				INFOPLIST_KEY_UISupportedInterfaceOrientations_iPhone = "UIInterfaceOrientationPortrait UIInterfaceOrientationLandscapeLeft UIInterfaceOrientationLandscapeRight";
				LD_RUNPATH_SEARCH_PATHS = (
					"$(inherited)",
					"@executable_path/Frameworks",
				);
				MARKETING_VERSION = 1.0;
				PRODUCT_BUNDLE_IDENTIFIER = "arthurKulik.Food-Example";
				PRODUCT_NAME = "$(TARGET_NAME)";
				SWIFT_EMIT_LOC_STRINGS = YES;
				SWIFT_VERSION = 5.0;
				TARGETED_DEVICE_FAMILY = "1,2";
			};
			name = Debug;
		};
		8E287841296EE1FD00AD8D25 /* Release */ = {
			isa = XCBuildConfiguration;
			baseConfigurationReference = F15305536270F35792D3CD25 /* Pods-Food_Example.release.xcconfig */;
			buildSettings = {
				ASSETCATALOG_COMPILER_APPICON_NAME = AppIcon;
				ASSETCATALOG_COMPILER_GLOBAL_ACCENT_COLOR_NAME = AccentColor;
				CODE_SIGN_STYLE = Automatic;
				CURRENT_PROJECT_VERSION = 1;
				DEVELOPMENT_ASSET_PATHS = "";
				DEVELOPMENT_TEAM = KCWZ7J339M;
				ENABLE_PREVIEWS = YES;
				GENERATE_INFOPLIST_FILE = YES;
				INFOPLIST_FILE = "Food_Example/App/Food-Example-Info.plist";
				INFOPLIST_KEY_UIApplicationSceneManifest_Generation = YES;
				INFOPLIST_KEY_UIApplicationSupportsIndirectInputEvents = YES;
				INFOPLIST_KEY_UILaunchScreen_Generation = YES;
				INFOPLIST_KEY_UILaunchStoryboardName = SplashScreen.storyboard;
				INFOPLIST_KEY_UISupportedInterfaceOrientations_iPad = "UIInterfaceOrientationPortrait UIInterfaceOrientationPortraitUpsideDown UIInterfaceOrientationLandscapeLeft UIInterfaceOrientationLandscapeRight";
				INFOPLIST_KEY_UISupportedInterfaceOrientations_iPhone = "UIInterfaceOrientationPortrait UIInterfaceOrientationLandscapeLeft UIInterfaceOrientationLandscapeRight";
				LD_RUNPATH_SEARCH_PATHS = (
					"$(inherited)",
					"@executable_path/Frameworks",
				);
				MARKETING_VERSION = 1.0;
				PRODUCT_BUNDLE_IDENTIFIER = "arthurKulik.Food-Example";
				PRODUCT_NAME = "$(TARGET_NAME)";
				SWIFT_EMIT_LOC_STRINGS = YES;
				SWIFT_VERSION = 5.0;
				TARGETED_DEVICE_FAMILY = "1,2";
			};
			name = Release;
		};
/* End XCBuildConfiguration section */

/* Begin XCConfigurationList section */
		8E28782C296EE1FB00AD8D25 /* Build configuration list for PBXProject "Food_Example" */ = {
			isa = XCConfigurationList;
			buildConfigurations = (
				8E28783D296EE1FD00AD8D25 /* Debug */,
				8E28783E296EE1FD00AD8D25 /* Release */,
			);
			defaultConfigurationIsVisible = 0;
			defaultConfigurationName = Release;
		};
		8E28783F296EE1FD00AD8D25 /* Build configuration list for PBXNativeTarget "Food_Example" */ = {
			isa = XCConfigurationList;
			buildConfigurations = (
				8E287840296EE1FD00AD8D25 /* Debug */,
				8E287841296EE1FD00AD8D25 /* Release */,
			);
			defaultConfigurationIsVisible = 0;
			defaultConfigurationName = Release;
		};
/* End XCConfigurationList section */
	};
	rootObject = 8E287829296EE1FB00AD8D25 /* Project object */;
}
